{
  "name": "order-service",
  "lockfileVersion": 3,
  "requires": true,
  "packages": {
    "": {
      "dependencies": {
        "microservices-root": "file:.."
      }
    },
    "..": {
      "name": "microservices-root",
      "devDependencies": {
        "concurrently": "^8.2.2"
      }
    },
    "node_modules/microservices-root": {
      "resolved": "..",
      "link": true
    }
  }
}
